
Microsoft Visual Studio Solution File, Format Version 12.00
# Visual Studio Version 16
VisualStudioVersion = 16.0.31205.134
MinimumVisualStudioVersion = 10.0.40219.1
Project("{888888A0-9F3D-457C-B088-3A5042F75D52}") = "multithreadingServer", "multithreadingServer\multithreadingServer.pyproj", "{AF64065D-3F4A-4AAC-9555-0BFFE7A0C160}"
EndProject
Global
	GlobalSection(SolutionConfigurationPlatforms) = preSolution
		Debug|Any CPU = Debug|Any CPU
		Release|Any CPU = Release|Any CPU
	EndGlobalSection
	GlobalSection(ProjectConfigurationPlatforms) = postSolution
		{AF64065D-3F4A-4AAC-9555-0BFFE7A0C160}.Debug|Any CPU.ActiveCfg = Debug|Any CPU
		{AF64065D-3F4A-4AAC-9555-0BFFE7A0C160}.Release|Any CPU.ActiveCfg = Release|Any CPU
	EndGlobalSection
	GlobalSection(SolutionProperties) = preSolution
		HideSolutionNode = FALSE
	EndGlobalSection
	GlobalSection(ExtensibilityGlobals) = postSolution
		SolutionGuid = {80049995-7D12-424E-BB25-3C803C26839C}
	EndGlobalSection
EndGlobal
